{
  "nodes": {
    "nixpkgs": {
      "locked": {
        "lastModified": 1711703276,
        "narHash": "sha256-iMUFArF0WCatKK6RzfUJknjem0H9m4KgorO/p3Dopkk=",
        "path": "/nix/store/cb1gs888vfqxawvc65q1dk6jzbayh3wz-source",
        "rev": "d8fe5e6c92d0d190646fb9f1056741a229980089",
        "type": "path"
      },
      "original": {
        "id": "nixpkgs",
        "type": "indirect"
      }
    },
    "root": {
      "inputs": {
        "nixpkgs": "nixpkgs"
      }
    }
  },
  "root": "root",
  "version": 7
}
